
Microsoft Visual Studio Solution File, Format Version 12.00
# Visual Studio Version 17
VisualStudioVersion = 17.5.002.0
MinimumVisualStudioVersion = 10.0.40219.1
Project("{9A19103F-16F7-4668-BE54-9A1E7A4F7556}") = "BlazorApp", "BlazorApp.csproj", "{AD1A7139-A2E9-4E83-9583-A45E198B3E73}"
EndProject
Global
	GlobalSection(SolutionConfigurationPlatforms) = preSolution
		Debug|Any CPU = Debug|Any CPU
		Release|Any CPU = Release|Any CPU
	EndGlobalSection
	GlobalSection(ProjectConfigurationPlatforms) = postSolution
		{AD1A7139-A2E9-4E83-9583-A45E198B3E73}.Debug|Any CPU.ActiveCfg = Debug|Any CPU
		{AD1A7139-A2E9-4E83-9583-A45E198B3E73}.Debug|Any CPU.Build.0 = Debug|Any CPU
		{AD1A7139-A2E9-4E83-9583-A45E198B3E73}.Release|Any CPU.ActiveCfg = Release|Any CPU
		{AD1A7139-A2E9-4E83-9583-A45E198B3E73}.Release|Any CPU.Build.0 = Release|Any CPU
	EndGlobalSection
	GlobalSection(SolutionProperties) = preSolution
		HideSolutionNode = FALSE
	EndGlobalSection
	GlobalSection(ExtensibilityGlobals) = postSolution
		SolutionGuid = {72CD2345-BB67-49DE-AC80-77C29AC39541}
	EndGlobalSection
EndGlobal
